# This file is autogenerated, do not edit; changes may be undone by the next 'dep ensure'.


[[projects]]
  branch = "master"
  name = "github.com/google/go-querystring"
  packages = ["query"]
  revision = "53e6ce116135b80d037921a7fdd5138cf32d7a8a"

[[projects]]
  name = "github.com/xanzy/go-gitlab"
  packages = ["."]
  revision = "d8a6b1518d2ffaddbb2b6bf422ac1204f4a056a4"
  version = "v0.10.0"

[solve-meta]
  analyzer-name = "dep"
  analyzer-version = 1
  inputs-digest = "d63a5b5e4b91c6c7f9e322f8fe3bf0f316fc3b623dce5162b735a56fb9915c95"
  solver-name = "gps-cdcl"
  solver-version = 1
